// !$*UTF8*$!
{
	archiveVersion = 1;
	classes = {
	};
	objectVersion = 46;
	objects = {

/* Begin PBXBuildFile section */
		28AA6DBE18D01146001A79A4 /* Foundation.framework in Frameworks */ = {isa = PBXBuildFile; fileRef = 28AA6DBD18D01146001A79A4 /* Foundation.framework */; };
		28AA6DC018D01146001A79A4 /* CoreGraphics.framework in Frameworks */ = {isa = PBXBuildFile; fileRef = 28AA6DBF18D01146001A79A4 /* CoreGraphics.framework */; };
		28AA6DC218D01146001A79A4 /* UIKit.framework in Frameworks */ = {isa = PBXBuildFile; fileRef = 28AA6DC118D01146001A79A4 /* UIKit.framework */; };
		28AA6DC818D01146001A79A4 /* InfoPlist.strings in Resources */ = {isa = PBXBuildFile; fileRef = 28AA6DC618D01146001A79A4 /* InfoPlist.strings */; };
		28AA6DCA18D01146001A79A4 /* main.m in Sources */ = {isa = PBXBuildFile; fileRef = 28AA6DC918D01146001A79A4 /* main.m */; };
		28AA6DCE18D01146001A79A4 /* AppDelegate.m in Sources */ = {isa = PBXBuildFile; fileRef = 28AA6DCD18D01146001A79A4 /* AppDelegate.m */; };
		28AA6DD118D01146001A79A4 /* Main_iPhone.storyboard in Resources */ = {isa = PBXBuildFile; fileRef = 28AA6DCF18D01146001A79A4 /* Main_iPhone.storyboard */; };
		28AA6DD418D01146001A79A4 /* Main_iPad.storyboard in Resources */ = {isa = PBXBuildFile; fileRef = 28AA6DD218D01146001A79A4 /* Main_iPad.storyboard */; };
		28AA6DD718D01146001A79A4 /* ViewController.m in Sources */ = {isa = PBXBuildFile; fileRef = 28AA6DD618D01146001A79A4 /* ViewController.m */; };
		28AA6DD918D01146001A79A4 /* Images.xcassets in Resources */ = {isa = PBXBuildFile; fileRef = 28AA6DD818D01146001A79A4 /* Images.xcassets */; };
		28AA6DE018D01146001A79A4 /* XCTest.framework in Frameworks */ = {isa = PBXBuildFile; fileRef = 28AA6DDF18D01146001A79A4 /* XCTest.framework */; };
		28AA6DE118D01146001A79A4 /* Foundation.framework in Frameworks */ = {isa = PBXBuildFile; fileRef = 28AA6DBD18D01146001A79A4 /* Foundation.framework */; };
		28AA6DE218D01146001A79A4 /* UIKit.framework in Frameworks */ = {isa = PBXBuildFile; fileRef = 28AA6DC118D01146001A79A4 /* UIKit.framework */; };
		28AA6DEA18D01146001A79A4 /* InfoPlist.strings in Resources */ = {isa = PBXBuildFile; fileRef = 28AA6DE818D01146001A79A4 /* InfoPlist.strings */; };
		28AA6DEC18D01146001A79A4 /* paixuTests.m in Sources */ = {isa = PBXBuildFile; fileRef = 28AA6DEB18D01146001A79A4 /* paixuTests.m */; };
/* End PBXBuildFile section */

/* Begin PBXContainerItemProxy section */
		28AA6DE318D01146001A79A4 /* PBXContainerItemProxy */ = {
			isa = PBXContainerItemProxy;
			containerPortal = 28AA6DB218D01146001A79A4 /* Project object */;
			proxyType = 1;
			remoteGlobalIDString = 28AA6DB918D01146001A79A4;
			remoteInfo = paixu;
		};
/* End PBXContainerItemProxy section */

/* Begin PBXFileReference section */
		28AA6DBA18D01146001A79A4 /* paixu.app */ = {isa = PBXFileReference; explicitFileType = wrapper.application; includeInIndex = 0; path = paixu.app; sourceTree = BUILT_PRODUCTS_DIR; };
		28AA6DBD18D01146001A79A4 /* Foundation.framework */ = {isa = PBXFileReference; lastKnownFileType = wrapper.framework; name = Foundation.framework; path = System/Library/Frameworks/Foundation.framework; sourceTree = SDKROOT; };
		28AA6DBF18D01146001A79A4 /* CoreGraphics.framework */ = {isa = PBXFileReference; lastKnownFileType = wrapper.framework; name = CoreGraphics.framework; path = System/Library/Frameworks/CoreGraphics.framework; sourceTree = SDKROOT; };
		28AA6DC118D01146001A79A4 /* UIKit.framework */ = {isa = PBXFileReference; lastKnownFileType = wrapper.framework; name = UIKit.framework; path = System/Library/Frameworks/UIKit.framework; sourceTree = SDKROOT; };
		28AA6DC518D01146001A79A4 /* paixu-Info.plist */ = {isa = PBXFileReference; lastKnownFileType = text.plist.xml; path = "paixu-Info.plist"; sourceTree = "<group>"; };
		28AA6DC718D01146001A79A4 /* en */ = {isa = PBXFileReference; lastKnownFileType = text.plist.strings; name = en; path = en.lproj/InfoPlist.strings; sourceTree = "<group>"; };
		28AA6DC918D01146001A79A4 /* main.m */ = {isa = PBXFileReference; lastKnownFileType = sourcecode.c.objc; path = main.m; sourceTree = "<group>"; };
		28AA6DCB18D01146001A79A4 /* paixu-Prefix.pch */ = {isa = PBXFileReference; lastKnownFileType = sourcecode.c.h; path = "paixu-Prefix.pch"; sourceTree = "<group>"; };
		28AA6DCC18D01146001A79A4 /* AppDelegate.h */ = {isa = PBXFileReference; lastKnownFileType = sourcecode.c.h; path = AppDelegate.h; sourceTree = "<group>"; };
		28AA6DCD18D01146001A79A4 /* AppDelegate.m */ = {isa = PBXFileReference; lastKnownFileType = sourcecode.c.objc; path = AppDelegate.m; sourceTree = "<group>"; };
		28AA6DD018D01146001A79A4 /* Base */ = {isa = PBXFileReference; lastKnownFileType = file.storyboard; name = Base; path = Base.lproj/Main_iPhone.storyboard; sourceTree = "<group>"; };
		28AA6DD318D01146001A79A4 /* Base */ = {isa = PBXFileReference; lastKnownFileType = file.storyboard; name = Base; path = Base.lproj/Main_iPad.storyboard; sourceTree = "<group>"; };
		28AA6DD518D01146001A79A4 /* ViewController.h */ = {isa = PBXFileReference; lastKnownFileType = sourcecode.c.h; path = ViewController.h; sourceTree = "<group>"; };
		28AA6DD618D01146001A79A4 /* ViewController.m */ = {isa = PBXFileReference; lastKnownFileType = sourcecode.c.objc; path = ViewController.m; sourceTree = "<group>"; };
		28AA6DD818D01146001A79A4 /* Images.xcassets */ = {isa = PBXFileReference; lastKnownFileType = folder.assetcatalog; path = Images.xcassets; sourceTree = "<group>"; };
		28AA6DDE18D01146001A79A4 /* paixuTests.xctest */ = {isa = PBXFileReference; explicitFileType = wrapper.cfbundle; includeInIndex = 0; path = paixuTests.xctest; sourceTree = BUILT_PRODUCTS_DIR; };
		28AA6DDF18D01146001A79A4 /* XCTest.framework */ = {isa = PBXFileReference; lastKnownFileType = wrapper.framework; name = XCTest.framework; path = Library/Frameworks/XCTest.framework; sourceTree = DEVELOPER_DIR; };
		28AA6DE718D01146001A79A4 /* paixuTests-Info.plist */ = {isa = PBXFileReference; lastKnownFileType = text.plist.xml; path = "paixuTests-Info.plist"; sourceTree = "<group>"; };
		28AA6DE918D01146001A79A4 /* en */ = {isa = PBXFileReference; lastKnownFileType = text.plist.strings; name = en; path = en.lproj/InfoPlist.strings; sourceTree = "<group>"; };
		28AA6DEB18D01146001A79A4 /* paixuTests.m */ = {isa = PBXFileReference; lastKnownFileType = sourcecode.c.objc; path = paixuTests.m; sourceTree = "<group>"; };
/* End PBXFileReference section */

/* Begin PBXFrameworksBuildPhase section */
		28AA6DB718D01146001A79A4 /* Frameworks */ = {
			isa = PBXFrameworksBuildPhase;
			buildActionMask = 2147483647;
			files = (
				28AA6DC018D01146001A79A4 /* CoreGraphics.framework in Frameworks */,
				28AA6DC218D01146001A79A4 /* UIKit.framework in Frameworks */,
				28AA6DBE18D01146001A79A4 /* Foundation.framework in Frameworks */,
			);
			runOnlyForDeploymentPostprocessing = 0;
		};
		28AA6DDB18D01146001A79A4 /* Frameworks */ = {
			isa = PBXFrameworksBuildPhase;
			buildActionMask = 2147483647;
			files = (
				28AA6DE018D01146001A79A4 /* XCTest.framework in Frameworks */,
				28AA6DE218D01146001A79A4 /* UIKit.framework in Frameworks */,
				28AA6DE118D01146001A79A4 /* Foundation.framework in Frameworks */,
			);
			runOnlyForDeploymentPostprocessing = 0;
		};
/* End PBXFrameworksBuildPhase section */

/* Begin PBXGroup section */
		28AA6DB118D01146001A79A4 = {
			isa = PBXGroup;
			children = (
				28AA6DC318D01146001A79A4 /* paixu */,
				28AA6DE518D01146001A79A4 /* paixuTests */,
				28AA6DBC18D01146001A79A4 /* Frameworks */,
				28AA6DBB18D01146001A79A4 /* Products */,
			);
			sourceTree = "<group>";
		};
		28AA6DBB18D01146001A79A4 /* Products */ = {
			isa = PBXGroup;
			children = (
				28AA6DBA18D01146001A79A4 /* paixu.app */,
				28AA6DDE18D01146001A79A4 /* paixuTests.xctest */,
			);
			name = Products;
			sourceTree = "<group>";
		};
		28AA6DBC18D01146001A79A4 /* Frameworks */ = {
			isa = PBXGroup;
			children = (
				28AA6DBD18D01146001A79A4 /* Foundation.framework */,
				28AA6DBF18D01146001A79A4 /* CoreGraphics.framework */,
				28AA6DC118D01146001A79A4 /* UIKit.framework */,
				28AA6DDF18D01146001A79A4 /* XCTest.framework */,
			);
			name = Frameworks;
			sourceTree = "<group>";
		};
		28AA6DC318D01146001A79A4 /* paixu */ = {
			isa = PBXGroup;
			children = (
				28AA6DCC18D01146001A79A4 /* AppDelegate.h */,
				28AA6DCD18D01146001A79A4 /* AppDelegate.m */,
				28AA6DCF18D01146001A79A4 /* Main_iPhone.storyboard */,
				28AA6DD218D01146001A79A4 /* Main_iPad.storyboard */,
				28AA6DD518D01146001A79A4 /* ViewController.h */,
				28AA6DD618D01146001A79A4 /* ViewController.m */,
				28AA6DD818D01146001A79A4 /* Images.xcassets */,
				28AA6DC418D01146001A79A4 /* Supporting Files */,
			);
			path = paixu;
			sourceTree = "<group>";
		};
		28AA6DC418D01146001A79A4 /* Supporting Files */ = {
			isa = PBXGroup;
			children = (
				28AA6DC518D01146001A79A4 /* paixu-Info.plist */,
				28AA6DC618D01146001A79A4 /* InfoPlist.strings */,
				28AA6DC918D01146001A79A4 /* main.m */,
				28AA6DCB18D01146001A79A4 /* paixu-Prefix.pch */,
			);
			name = "Supporting Files";
			sourceTree = "<group>";
		};
		28AA6DE518D01146001A79A4 /* paixuTests */ = {
			isa = PBXGroup;
			children = (
				28AA6DEB18D01146001A79A4 /* paixuTests.m */,
				28AA6DE618D01146001A79A4 /* Supporting Files */,
			);
			path = paixuTests;
			sourceTree = "<group>";
		};
		28AA6DE618D01146001A79A4 /* Supporting Files */ = {
			isa = PBXGroup;
			children = (
				28AA6DE718D01146001A79A4 /* paixuTests-Info.plist */,
				28AA6DE818D01146001A79A4 /* InfoPlist.strings */,
			);
			name = "Supporting Files";
			sourceTree = "<group>";
		};
/* End PBXGroup section */

/* Begin PBXNativeTarget section */
		28AA6DB918D01146001A79A4 /* paixu */ = {
			isa = PBXNativeTarget;
			buildConfigurationList = 28AA6DEF18D01146001A79A4 /* Build configuration list for PBXNativeTarget "paixu" */;
			buildPhases = (
				28AA6DB618D01146001A79A4 /* Sources */,
				28AA6DB718D01146001A79A4 /* Frameworks */,
				28AA6DB818D01146001A79A4 /* Resources */,
			);
			buildRules = (
			);
			dependencies = (
			);
			name = paixu;
			productName = paixu;
			productReference = 28AA6DBA18D01146001A79A4 /* paixu.app */;
			productType = "com.apple.product-type.application";
		};
		28AA6DDD18D01146001A79A4 /* paixuTests */ = {
			isa = PBXNativeTarget;
			buildConfigurationList = 28AA6DF218D01146001A79A4 /* Build configuration list for PBXNativeTarget "paixuTests" */;
			buildPhases = (
				28AA6DDA18D01146001A79A4 /* Sources */,
				28AA6DDB18D01146001A79A4 /* Frameworks */,
				28AA6DDC18D01146001A79A4 /* Resources */,
			);
			buildRules = (
			);
			dependencies = (
				28AA6DE418D01146001A79A4 /* PBXTargetDependency */,
			);
			name = paixuTests;
			productName = paixuTests;
			productReference = 28AA6DDE18D01146001A79A4 /* paixuTests.xctest */;
			productType = "com.apple.product-type.bundle.unit-test";
		};
/* End PBXNativeTarget section */

/* Begin PBXProject section */
		28AA6DB218D01146001A79A4 /* Project object */ = {
			isa = PBXProject;
			attributes = {
				LastUpgradeCheck = 0510;
				ORGANIZATIONNAME = Duger;
				TargetAttributes = {
					28AA6DDD18D01146001A79A4 = {
						TestTargetID = 28AA6DB918D01146001A79A4;
					};
				};
			};
			buildConfigurationList = 28AA6DB518D01146001A79A4 /* Build configuration list for PBXProject "paixu" */;
			compatibilityVersion = "Xcode 3.2";
			developmentRegion = English;
			hasScannedForEncodings = 0;
			knownRegions = (
				en,
				Base,
			);
			mainGroup = 28AA6DB118D01146001A79A4;
			productRefGroup = 28AA6DBB18D01146001A79A4 /* Products */;
			projectDirPath = "";
			projectRoot = "";
			targets = (
				28AA6DB918D01146001A79A4 /* paixu */,
				28AA6DDD18D01146001A79A4 /* paixuTests */,
			);
		};
/* End PBXProject section */

/* Begin PBXResourcesBuildPhase section */
		28AA6DB818D01146001A79A4 /* Resources */ = {
			isa = PBXResourcesBuildPhase;
			buildActionMask = 2147483647;
			files = (
				28AA6DD418D01146001A79A4 /* Main_iPad.storyboard in Resources */,
				28AA6DD918D01146001A79A4 /* Images.xcassets in Resources */,
				28AA6DD118D01146001A79A4 /* Main_iPhone.storyboard in Resources */,
				28AA6DC818D01146001A79A4 /* InfoPlist.strings in Resources */,
			);
			runOnlyForDeploymentPostprocessing = 0;
		};
		28AA6DDC18D01146001A79A4 /* Resources */ = {
			isa = PBXResourcesBuildPhase;
			buildActionMask = 2147483647;
			files = (
				28AA6DEA18D01146001A79A4 /* InfoPlist.strings in Resources */,
			);
			runOnlyForDeploymentPostprocessing = 0;
		};
/* End PBXResourcesBuildPhase section */

/* Begin PBXSourcesBuildPhase section */
		28AA6DB618D01146001A79A4 /* Sources */ = {
			isa = PBXSourcesBuildPhase;
			buildActionMask = 2147483647;
			files = (
				28AA6DD718D01146001A79A4 /* ViewController.m in Sources */,
				28AA6DCE18D01146001A79A4 /* AppDelegate.m in Sources */,
				28AA6DCA18D01146001A79A4 /* main.m in Sources */,
			);
			runOnlyForDeploymentPostprocessing = 0;
		};
		28AA6DDA18D01146001A79A4 /* Sources */ = {
			isa = PBXSourcesBuildPhase;
			buildActionMask = 2147483647;
			files = (
				28AA6DEC18D01146001A79A4 /* paixuTests.m in Sources */,
			);
			runOnlyForDeploymentPostprocessing = 0;
		};
/* End PBXSourcesBuildPhase section */

/* Begin PBXTargetDependency section */
		28AA6DE418D01146001A79A4 /* PBXTargetDependency */ = {
			isa = PBXTargetDependency;
			target = 28AA6DB918D01146001A79A4 /* paixu */;
			targetProxy = 28AA6DE318D01146001A79A4 /* PBXContainerItemProxy */;
		};
/* End PBXTargetDependency section */

/* Begin PBXVariantGroup section */
		28AA6DC618D01146001A79A4 /* InfoPlist.strings */ = {
			isa = PBXVariantGroup;
			children = (
				28AA6DC718D01146001A79A4 /* en */,
			);
			name = InfoPlist.strings;
			sourceTree = "<group>";
		};
		28AA6DCF18D01146001A79A4 /* Main_iPhone.storyboard */ = {
			isa = PBXVariantGroup;
			children = (
				28AA6DD018D01146001A79A4 /* Base */,
			);
			name = Main_iPhone.storyboard;
			sourceTree = "<group>";
		};
		28AA6DD218D01146001A79A4 /* Main_iPad.storyboard */ = {
			isa = PBXVariantGroup;
			children = (
				28AA6DD318D01146001A79A4 /* Base */,
			);
			name = Main_iPad.storyboard;
			sourceTree = "<group>";
		};
		28AA6DE818D01146001A79A4 /* InfoPlist.strings */ = {
			isa = PBXVariantGroup;
			children = (
				28AA6DE918D01146001A79A4 /* en */,
			);
			name = InfoPlist.strings;
			sourceTree = "<group>";
		};
/* End PBXVariantGroup section */

/* Begin XCBuildConfiguration section */
		28AA6DED18D01146001A79A4 /* Debug */ = {
			isa = XCBuildConfiguration;
			buildSettings = {
				ALWAYS_SEARCH_USER_PATHS = NO;
				CLANG_CXX_LANGUAGE_STANDARD = "gnu++0x";
				CLANG_CXX_LIBRARY = "libc++";
				CLANG_ENABLE_MODULES = YES;
				CLANG_ENABLE_OBJC_ARC = YES;
				CLANG_WARN_BOOL_CONVERSION = YES;
				CLANG_WARN_CONSTANT_CONVERSION = YES;
				CLANG_WARN_DIRECT_OBJC_ISA_USAGE = YES_ERROR;
				CLANG_WARN_EMPTY_BODY = YES;
				CLANG_WARN_ENUM_CONVERSION = YES;
				CLANG_WARN_INT_CONVERSION = YES;
				CLANG_WARN_OBJC_ROOT_CLASS = YES_ERROR;
				CLANG_WARN__DUPLICATE_METHOD_MATCH = YES;
				"CODE_SIGN_IDENTITY[sdk=iphoneos*]" = "iPhone Developer";
				COPY_PHASE_STRIP = NO;
				GCC_C_LANGUAGE_STANDARD = gnu99;
				GCC_DYNAMIC_NO_PIC = NO;
				GCC_OPTIMIZATION_LEVEL = 0;
				GCC_PREPROCESSOR_DEFINITIONS = (
					"DEBUG=1",
					"$(inherited)",
				);
				GCC_SYMBOLS_PRIVATE_EXTERN = NO;
				GCC_WARN_64_TO_32_BIT_CONVERSION = YES;
				GCC_WARN_ABOUT_RETURN_TYPE = YES_ERROR;
				GCC_WARN_UNDECLARED_SELECTOR = YES;
				GCC_WARN_UNINITIALIZED_AUTOS = YES_AGGRESSIVE;
				GCC_WARN_UNUSED_FUNCTION = YES;
				GCC_WARN_UNUSED_VARIABLE = YES;
				IPHONEOS_DEPLOYMENT_TARGET = 7.1;
				ONLY_ACTIVE_ARCH = YES;
				SDKROOT = iphoneos;
				TARGETED_DEVICE_FAMILY = "1,2";
			};
			name = Debug;
		};
		28AA6DEE18D01146001A79A4 /* Release */ = {
			isa = XCBuildConfiguration;
			buildSettings = {
				ALWAYS_SEARCH_USER_PATHS = NO;
				CLANG_CXX_LANGUAGE_STANDARD = "gnu++0x";
				CLANG_CXX_LIBRARY = "libc++";
				CLANG_ENABLE_MODULES = YES;
				CLANG_ENABLE_OBJC_ARC = YES;
				CLANG_WARN_BOOL_CONVERSION = YES;
				CLANG_WARN_CONSTANT_CONVERSION = YES;
				CLANG_WARN_DIRECT_OBJC_ISA_USAGE = YES_ERROR;
				CLANG_WARN_EMPTY_BODY = YES;
				CLANG_WARN_ENUM_CONVERSION = YES;
				CLANG_WARN_INT_CONVERSION = YES;
				CLANG_WARN_OBJC_ROOT_CLASS = YES_ERROR;
				CLANG_WARN__DUPLICATE_METHOD_MATCH = YES;
				"CODE_SIGN_IDENTITY[sdk=iphoneos*]" = "iPhone Developer";
				COPY_PHASE_STRIP = YES;
				ENABLE_NS_ASSERTIONS = NO;
				GCC_C_LANGUAGE_STANDARD = gnu99;
				GCC_WARN_64_TO_32_BIT_CONVERSION = YES;
				GCC_WARN_ABOUT_RETURN_TYPE = YES_ERROR;
				GCC_WARN_UNDECLARED_SELECTOR = YES;
				GCC_WARN_UNINITIALIZED_AUTOS = YES_AGGRESSIVE;
				GCC_WARN_UNUSED_FUNCTION = YES;
				GCC_WARN_UNUSED_VARIABLE = YES;
				IPHONEOS_DEPLOYMENT_TARGET = 7.1;
				SDKROOT = iphoneos;
				TARGETED_DEVICE_FAMILY = "1,2";
				VALIDATE_PRODUCT = YES;
			};
			name = Release;
		};
		28AA6DF018D01146001A79A4 /* Debug */ = {
			isa = XCBuildConfiguration;
			buildSettings = {
				ASSETCATALOG_COMPILER_APPICON_NAME = AppIcon;
				ASSETCATALOG_COMPILER_LAUNCHIMAGE_NAME = LaunchImage;
				GCC_PRECOMPILE_PREFIX_HEADER = YES;
				GCC_PREFIX_HEADER = "paixu/paixu-Prefix.pch";
				INFOPLIST_FILE = "paixu/paixu-Info.plist";
				PRODUCT_NAME = "$(TARGET_NAME)";
				WRAPPER_EXTENSION = app;
			};
			name = Debug;
		};
		28AA6DF118D01146001A79A4 /* Release */ = {
			isa = XCBuildConfiguration;
			buildSettings = {
				ASSETCATALOG_COMPILER_APPICON_NAME = AppIcon;
				ASSETCATALOG_COMPILER_LAUNCHIMAGE_NAME = LaunchImage;
				GCC_PRECOMPILE_PREFIX_HEADER = YES;
				GCC_PREFIX_HEADER = "paixu/paixu-Prefix.pch";
				INFOPLIST_FILE = "paixu/paixu-Info.plist";
				PRODUCT_NAME = "$(TARGET_NAME)";
				WRAPPER_EXTENSION = app;
			};
			name = Release;
		};
		28AA6DF318D01146001A79A4 /* Debug */ = {
			isa = XCBuildConfiguration;
			buildSettings = {
				BUNDLE_LOADER = "$(BUILT_PRODUCTS_DIR)/paixu.app/paixu";
				FRAMEWORK_SEARCH_PATHS = (
					"$(SDKROOT)/Developer/Library/Frameworks",
					"$(inherited)",
					"$(DEVELOPER_FRAMEWORKS_DIR)",
				);
				GCC_PRECOMPILE_PREFIX_HEADER = YES;
				GCC_PREFIX_HEADER = "paixu/paixu-Prefix.pch";
				GCC_PREPROCESSOR_DEFINITIONS = (
					"DEBUG=1",
					"$(inherited)",
				);
				INFOPLIST_FILE = "paixuTests/paixuTests-Info.plist";
				PRODUCT_NAME = "$(TARGET_NAME)";
				TEST_HOST = "$(BUNDLE_LOADER)";
				WRAPPER_EXTENSION = xctest;
			};
			name = Debug;
		};
		28AA6DF418D01146001A79A4 /* Release */ = {
			isa = XCBuildConfiguration;
			buildSettings = {
				BUNDLE_LOADER = "$(BUILT_PRODUCTS_DIR)/paixu.app/paixu";
				FRAMEWORK_SEARCH_PATHS = (
					"$(SDKROOT)/Developer/Library/Frameworks",
					"$(inherited)",
					"$(DEVELOPER_FRAMEWORKS_DIR)",
				);
				GCC_PRECOMPILE_PREFIX_HEADER = YES;
				GCC_PREFIX_HEADER = "paixu/paixu-Prefix.pch";
				INFOPLIST_FILE = "paixuTests/paixuTests-Info.plist";
				PRODUCT_NAME = "$(TARGET_NAME)";
				TEST_HOST = "$(BUNDLE_LOADER)";
				WRAPPER_EXTENSION = xctest;
			};
			name = Release;
		};
/* End XCBuildConfiguration section */

/* Begin XCConfigurationList section */
		28AA6DB518D01146001A79A4 /* Build configuration list for PBXProject "paixu" */ = {
			isa = XCConfigurationList;
			buildConfigurations = (
				28AA6DED18D01146001A79A4 /* Debug */,
				28AA6DEE18D01146001A79A4 /* Release */,
			);
			defaultConfigurationIsVisible = 0;
			defaultConfigurationName = Release;
		};
		28AA6DEF18D01146001A79A4 /* Build configuration list for PBXNativeTarget "paixu" */ = {
			isa = XCConfigurationList;
			buildConfigurations = (
				28AA6DF018D01146001A79A4 /* Debug */,
				28AA6DF118D01146001A79A4 /* Release */,
			);
			defaultConfigurationIsVisible = 0;
		};
		28AA6DF218D01146001A79A4 /* Build configuration list for PBXNativeTarget "paixuTests" */ = {
			isa = XCConfigurationList;
			buildConfigurations = (
				28AA6DF318D01146001A79A4 /* Debug */,
				28AA6DF418D01146001A79A4 /* Release */,
			);
			defaultConfigurationIsVisible = 0;
		};
/* End XCConfigurationList section */
	};
	rootObject = 28AA6DB218D01146001A79A4 /* Project object */;
}
